
Microsoft Visual Studio Solution File, Format Version 12.00
# Visual Studio 14
VisualStudioVersion = 14.0.25123.0
MinimumVisualStudioVersion = 10.0.40219.1
Project("{FAE04EC0-301F-11D3-BF4B-00C04F79EFBC}") = "Freengy.UI", "Freengy\Freengy.UI.csproj", "{86F95ABB-14B3-4344-89CD-9491796243E0}"
EndProject
Project("{FAE04EC0-301F-11D3-BF4B-00C04F79EFBC}") = "CommonResources", "CommonResources\CommonResources.csproj", "{2E1330E3-C913-41C5-8979-13BBE707D2E5}"
EndProject
Project("{FAE04EC0-301F-11D3-BF4B-00C04F79EFBC}") = "Freengy.Base", "Freengy.Base\Freengy.Base.csproj", "{AAEFC67F-E1DA-450A-BCA6-B01B0AE862DA}"
EndProject
Project("{FAE04EC0-301F-11D3-BF4B-00C04F79EFBC}") = "Freengy.Networking", "Freengy.Networking\Freengy.Networking.csproj", "{B69F33CC-F8A9-42FA-B21B-764EDE838179}"
EndProject
Project("{FAE04EC0-301F-11D3-BF4B-00C04F79EFBC}") = "Freengy.Tests", "Freengy.Tests\Freengy.Tests.csproj", "{40734B7E-3E84-4675-8A6E-9C327C4220C8}"
EndProject
Global
	GlobalSection(SolutionConfigurationPlatforms) = preSolution
		Debug|Any CPU = Debug|Any CPU
		Release|Any CPU = Release|Any CPU
	EndGlobalSection
	GlobalSection(ProjectConfigurationPlatforms) = postSolution
		{86F95ABB-14B3-4344-89CD-9491796243E0}.Debug|Any CPU.ActiveCfg = Debug|Any CPU
		{86F95ABB-14B3-4344-89CD-9491796243E0}.Debug|Any CPU.Build.0 = Debug|Any CPU
		{86F95ABB-14B3-4344-89CD-9491796243E0}.Release|Any CPU.ActiveCfg = Release|Any CPU
		{86F95ABB-14B3-4344-89CD-9491796243E0}.Release|Any CPU.Build.0 = Release|Any CPU
		{2E1330E3-C913-41C5-8979-13BBE707D2E5}.Debug|Any CPU.ActiveCfg = Debug|Any CPU
		{2E1330E3-C913-41C5-8979-13BBE707D2E5}.Debug|Any CPU.Build.0 = Debug|Any CPU
		{2E1330E3-C913-41C5-8979-13BBE707D2E5}.Release|Any CPU.ActiveCfg = Release|Any CPU
		{2E1330E3-C913-41C5-8979-13BBE707D2E5}.Release|Any CPU.Build.0 = Release|Any CPU
		{AAEFC67F-E1DA-450A-BCA6-B01B0AE862DA}.Debug|Any CPU.ActiveCfg = Debug|Any CPU
		{AAEFC67F-E1DA-450A-BCA6-B01B0AE862DA}.Debug|Any CPU.Build.0 = Debug|Any CPU
		{AAEFC67F-E1DA-450A-BCA6-B01B0AE862DA}.Release|Any CPU.ActiveCfg = Release|Any CPU
		{AAEFC67F-E1DA-450A-BCA6-B01B0AE862DA}.Release|Any CPU.Build.0 = Release|Any CPU
		{B69F33CC-F8A9-42FA-B21B-764EDE838179}.Debug|Any CPU.ActiveCfg = Debug|Any CPU
		{B69F33CC-F8A9-42FA-B21B-764EDE838179}.Debug|Any CPU.Build.0 = Debug|Any CPU
		{B69F33CC-F8A9-42FA-B21B-764EDE838179}.Release|Any CPU.ActiveCfg = Release|Any CPU
		{B69F33CC-F8A9-42FA-B21B-764EDE838179}.Release|Any CPU.Build.0 = Release|Any CPU
		{40734B7E-3E84-4675-8A6E-9C327C4220C8}.Debug|Any CPU.ActiveCfg = Debug|Any CPU
		{40734B7E-3E84-4675-8A6E-9C327C4220C8}.Debug|Any CPU.Build.0 = Debug|Any CPU
		{40734B7E-3E84-4675-8A6E-9C327C4220C8}.Release|Any CPU.ActiveCfg = Release|Any CPU
		{40734B7E-3E84-4675-8A6E-9C327C4220C8}.Release|Any CPU.Build.0 = Release|Any CPU
	EndGlobalSection
	GlobalSection(SolutionProperties) = preSolution
		HideSolutionNode = FALSE
	EndGlobalSection
EndGlobal
